// !$*UTF8*$!
{
	archiveVersion = 1;
	classes = {
	};
	objectVersion = 63;
	objects = {

/* Begin PBXBuildFile section */
		025A6767BB3AABD36467EF66 /* ProfileCenterView.swift in Sources */ = {isa = PBXBuildFile; fileRef = 467A87303A99C72B3929568E /* ProfileCenterView.swift */; };
		09769325FBB26B532C0ED1C1 /* AppointmentsService.swift in Sources */ = {isa = PBXBuildFile; fileRef = 62FEF46D46BA3679CBD5C6AD /* AppointmentsService.swift */; };
		0C7971CFA3CC3CAD8E8D2B9D /* TokenStoreTests.swift in Sources */ = {isa = PBXBuildFile; fileRef = 3B7BF7EFAEDFAF8793F0649A /* TokenStoreTests.swift */; };
		154A3232C3DB41EA9F90D834 /* APIClientCachingAndConcurrency.swift in Sources */ = {isa = PBXBuildFile; fileRef = 428A15505279F698544F4AE6 /* APIClientCachingAndConcurrency.swift */; };
		18908AAC022CFE91F8CD4424 /* APIClientPayloadValidation.swift in Sources */ = {isa = PBXBuildFile; fileRef = 10ED46752F090AF35D958CB5 /* APIClientPayloadValidation.swift */; };
		28144A555460AF88D267DFD7 /* ProfileRewardsModels.swift in Sources */ = {isa = PBXBuildFile; fileRef = 0C08BB341431E255CA22222C /* ProfileRewardsModels.swift */; };
		29359FB573E617D7E0498D11 /* NailsDashApp.swift in Sources */ = {isa = PBXBuildFile; fileRef = 6BD1C5C353519E7F91DDA17A /* NailsDashApp.swift */; };
		32AEDE169B2CEEB8690C5A89 /* OrderHistoryView.swift in Sources */ = {isa = PBXBuildFile; fileRef = C6E63DB787DB1D2514FFF5F1 /* OrderHistoryView.swift */; };
		341D2192ABBEBA7ECF2FCD4C /* TimeZoneResolver.swift in Sources */ = {isa = PBXBuildFile; fileRef = 6A2CEF802D07A0FA6F33CEFB /* TimeZoneResolver.swift */; };
		36ABAF8E177D9B071F3BC4D7 /* BookAppointmentViewModel.swift in Sources */ = {isa = PBXBuildFile; fileRef = 2A93FE0C0C05C49238A947AF /* BookAppointmentViewModel.swift */; };
		3FF2554B605A2CF32DC3AC8D /* PhoneFormatterTests.swift in Sources */ = {isa = PBXBuildFile; fileRef = B06449EB7B854FB01001BB1F /* PhoneFormatterTests.swift */; };
		4458CA65A95D2517D40BF00E /* ProfileModule.swift in Sources */ = {isa = PBXBuildFile; fileRef = 325D1E2C4C1E425ECEC780CD /* ProfileModule.swift */; };
		516B855BD37582763D9CA0D1 /* BookAppointmentView.swift in Sources */ = {isa = PBXBuildFile; fileRef = C9545DF0A4ABD1935546B6A2 /* BookAppointmentView.swift */; };
		518EE2A3E72A43BD5D3458D3 /* ProfileRewardsModule.swift in Sources */ = {isa = PBXBuildFile; fileRef = 02871CCE6D746DB532FD14AF /* ProfileRewardsModule.swift */; };
		56BB20F7B3098211AC0D4349 /* TimedAsyncRequestCache.swift in Sources */ = {isa = PBXBuildFile; fileRef = E2C688D1FB2807E836989454 /* TimedAsyncRequestCache.swift */; };
		58AF2E01E6FC4C205057A0D0 /* SettingsModule.swift in Sources */ = {isa = PBXBuildFile; fileRef = 758195EDF80F93E284E1910A /* SettingsModule.swift */; };
		597C4EFBCDD7FC922B477CB2 /* PointsView.swift in Sources */ = {isa = PBXBuildFile; fileRef = F02EA01A0A15E72D843E28F6 /* PointsView.swift */; };
		598A5611A236ECA5B26CF27A /* PhoneFormatter.swift in Sources */ = {isa = PBXBuildFile; fileRef = 1643BED7FC99E52520186313 /* PhoneFormatter.swift */; };
		5F1EE204041A11E05FC3E129 /* UserLocationService.swift in Sources */ = {isa = PBXBuildFile; fileRef = C42A0DC81FEA66C97739EA76 /* UserLocationService.swift */; };
		6460B7113D3C2D3F9D47F247 /* AppState.swift in Sources */ = {isa = PBXBuildFile; fileRef = 48EDF5BB4443EAB30BB2CFAC /* AppState.swift */; };
		6933756772F078B938769065 /* StoreModels.swift in Sources */ = {isa = PBXBuildFile; fileRef = E637FC76552DE0DB5F90C5E5 /* StoreModels.swift */; };
		6E58B3D8F8633DED3017500E /* APIClient.swift in Sources */ = {isa = PBXBuildFile; fileRef = C8A71C8FD57CF3D60EC95B4C /* APIClient.swift */; };
		6F3C41DBEB756A9B9777C1A4 /* CouponsView.swift in Sources */ = {isa = PBXBuildFile; fileRef = 4B59456F0E6CFEC79A2CD795 /* CouponsView.swift */; };
		7B96E46122BD486394750AAF /* GiftCardsView.swift in Sources */ = {isa = PBXBuildFile; fileRef = 5A51B186C806822E226745F7 /* GiftCardsView.swift */; };
		7C20B15F21095E4CA230908B /* Assets.xcassets in Resources */ = {isa = PBXBuildFile; fileRef = 8C94C1E37EFD8433FB49E662 /* Assets.xcassets */; };
		87185F16A1D7A5B0274718C7 /* StoresListView.swift in Sources */ = {isa = PBXBuildFile; fileRef = DFC50FB29BFE863D2A9433C1 /* StoresListView.swift */; };
		8B5A496AD82AE19067712B09 /* AppStateAuthPolicyTests.swift in Sources */ = {isa = PBXBuildFile; fileRef = 4E24857BBC2FF2869A80D414 /* AppStateAuthPolicyTests.swift */; };
		8B76ADAB759AEE7C687A83A9 /* LoginView.swift in Sources */ = {isa = PBXBuildFile; fileRef = 50F645E1D2DEB975D8534F13 /* LoginView.swift */; };
		8D3DDACAEE0DCEB24ADCC7C5 /* StoreDetailView.swift in Sources */ = {isa = PBXBuildFile; fileRef = 2C8A331C66095FDF04E81AF3 /* StoreDetailView.swift */; };
		8D4DB742DF359AE373C1958D /* AuthModels.swift in Sources */ = {isa = PBXBuildFile; fileRef = 33DAF15624B4E327D9378F81 /* AuthModels.swift */; };
		915A910E62EFC74ED5F9CC07 /* StoresService.swift in Sources */ = {isa = PBXBuildFile; fileRef = 7F1FA00668ACF5A4F9C8936D /* StoresService.swift */; };
		916FAC331C34A42E4CC404A6 /* ProfileRewardsSharedUI.swift in Sources */ = {isa = PBXBuildFile; fileRef = 893BF41BBED1BCB5F0B2DEDD /* ProfileRewardsSharedUI.swift */; };
		9940EC4C0B5582DD6EA8B730 /* TokenStore.swift in Sources */ = {isa = PBXBuildFile; fileRef = 1B79367B80E53991EA6A6E23 /* TokenStore.swift */; };
		9A100CEC54DFB8F543588976 /* ProfileRewardsService.swift in Sources */ = {isa = PBXBuildFile; fileRef = F062D1580A10B1A1FAF43688 /* ProfileRewardsService.swift */; };
		9CF1EA6084759CFE4D73D007 /* VipMembershipView.swift in Sources */ = {isa = PBXBuildFile; fileRef = 23205BD26E05060006685862 /* VipMembershipView.swift */; };
		9F237DE7AD200FEDC951FAD3 /* MyFavoritesView.swift in Sources */ = {isa = PBXBuildFile; fileRef = D06272D5E7667C6AE9E29041 /* MyFavoritesView.swift */; };
		A0B187C2A0DD87A4C2CD2AED /* HomeSharedComponents.swift in Sources */ = {isa = PBXBuildFile; fileRef = 66EC9F4902E12D2D02EB7E26 /* HomeSharedComponents.swift */; };
		A4F5843364698344239B7C12 /* APIClientPrimitives.swift in Sources */ = {isa = PBXBuildFile; fileRef = 1612DB6AF66514513138169B /* APIClientPrimitives.swift */; };
		A7F4CC0B1ADBC29458C1FA31 /* HomeFeedModule.swift in Sources */ = {isa = PBXBuildFile; fileRef = 4DFC957B138BA269A34965F9 /* HomeFeedModule.swift */; };
		B5D6020DB834D9578EB567B0 /* ProfileRewardsViewModels.swift in Sources */ = {isa = PBXBuildFile; fileRef = 79E533FF281FAE630A88F820 /* ProfileRewardsViewModels.swift */; };
		BC411DAC5A148C49DB25CD25 /* NotificationsModule.swift in Sources */ = {isa = PBXBuildFile; fileRef = B5E1EFB099CE969802438BC4 /* NotificationsModule.swift */; };
		C1724C2DD23B9A29F2300FE3 /* ReferAFriendView.swift in Sources */ = {isa = PBXBuildFile; fileRef = F901EDA4578C42EBD2B96F50 /* ReferAFriendView.swift */; };
		C26E9BB373441BF4C009CDF2 /* AppointmentModels.swift in Sources */ = {isa = PBXBuildFile; fileRef = 353835D4F888821BAA3D8DDC /* AppointmentModels.swift */; };
		C84C1AFADA6A0BDF13EFA1DF /* StoresViewModel.swift in Sources */ = {isa = PBXBuildFile; fileRef = 7CBE6600EF1F41C68120D8D6 /* StoresViewModel.swift */; };
		CEE7A03052E0600D4B55B11F /* ProfileRewardsHelpers.swift in Sources */ = {isa = PBXBuildFile; fileRef = FC1546B955DCECB8AB5A3EFC /* ProfileRewardsHelpers.swift */; };
		E4D000D6A5160F566AAA0AE6 /* PinDetailModule.swift in Sources */ = {isa = PBXBuildFile; fileRef = 0C7D16222E06C5B3DAEDAD66 /* PinDetailModule.swift */; };
		E56085B63C2574D32EBC3E2D /* MyReviewsView.swift in Sources */ = {isa = PBXBuildFile; fileRef = 362CC32BB57A5FB0F5A21E03 /* MyReviewsView.swift */; };
		E938B4A98D458A5C00ED4F65 /* HomeView.swift in Sources */ = {isa = PBXBuildFile; fileRef = 69971322EED483F5BA88EA3E /* HomeView.swift */; };
		E97894949AFB6E70D0E37A14 /* MyAppointmentsView.swift in Sources */ = {isa = PBXBuildFile; fileRef = CABA11B03E51EF58C41B4813 /* MyAppointmentsView.swift */; };
		EEF755A3AAE8A1F261111A3F /* BookAppointmentViewModelTests.swift in Sources */ = {isa = PBXBuildFile; fileRef = A556BD9A6557385D87A130B9 /* BookAppointmentViewModelTests.swift */; };
/* End PBXBuildFile section */

/* Begin PBXContainerItemProxy section */
		DF59883A3CE6A1B0C43BF3E5 /* PBXContainerItemProxy */ = {
			isa = PBXContainerItemProxy;
			containerPortal = F282D465A2893F2198723461 /* Project object */;
			proxyType = 1;
			remoteGlobalIDString = 85A0E59EDA17344D9EF3E861;
			remoteInfo = NailsDashIOS;
		};
/* End PBXContainerItemProxy section */

/* Begin PBXFileReference section */
		02871CCE6D746DB532FD14AF /* ProfileRewardsModule.swift */ = {isa = PBXFileReference; lastKnownFileType = sourcecode.swift; path = ProfileRewardsModule.swift; sourceTree = "<group>"; };
		0761888B7B591F6DD1A5B18B /* Info.plist */ = {isa = PBXFileReference; lastKnownFileType = text.plist; path = Info.plist; sourceTree = "<group>"; };
		0C08BB341431E255CA22222C /* ProfileRewardsModels.swift */ = {isa = PBXFileReference; lastKnownFileType = sourcecode.swift; path = ProfileRewardsModels.swift; sourceTree = "<group>"; };
		0C7D16222E06C5B3DAEDAD66 /* PinDetailModule.swift */ = {isa = PBXFileReference; lastKnownFileType = sourcecode.swift; path = PinDetailModule.swift; sourceTree = "<group>"; };
		10ED46752F090AF35D958CB5 /* APIClientPayloadValidation.swift */ = {isa = PBXFileReference; lastKnownFileType = sourcecode.swift; path = APIClientPayloadValidation.swift; sourceTree = "<group>"; };
		1612DB6AF66514513138169B /* APIClientPrimitives.swift */ = {isa = PBXFileReference; lastKnownFileType = sourcecode.swift; path = APIClientPrimitives.swift; sourceTree = "<group>"; };
		1643BED7FC99E52520186313 /* PhoneFormatter.swift */ = {isa = PBXFileReference; lastKnownFileType = sourcecode.swift; path = PhoneFormatter.swift; sourceTree = "<group>"; };
		1B79367B80E53991EA6A6E23 /* TokenStore.swift */ = {isa = PBXFileReference; lastKnownFileType = sourcecode.swift; path = TokenStore.swift; sourceTree = "<group>"; };
		23205BD26E05060006685862 /* VipMembershipView.swift */ = {isa = PBXFileReference; lastKnownFileType = sourcecode.swift; path = VipMembershipView.swift; sourceTree = "<group>"; };
		2A93FE0C0C05C49238A947AF /* BookAppointmentViewModel.swift */ = {isa = PBXFileReference; lastKnownFileType = sourcecode.swift; path = BookAppointmentViewModel.swift; sourceTree = "<group>"; };
		2C8A331C66095FDF04E81AF3 /* StoreDetailView.swift */ = {isa = PBXFileReference; lastKnownFileType = sourcecode.swift; path = StoreDetailView.swift; sourceTree = "<group>"; };
		325D1E2C4C1E425ECEC780CD /* ProfileModule.swift */ = {isa = PBXFileReference; lastKnownFileType = sourcecode.swift; path = ProfileModule.swift; sourceTree = "<group>"; };
		33DAF15624B4E327D9378F81 /* AuthModels.swift */ = {isa = PBXFileReference; lastKnownFileType = sourcecode.swift; path = AuthModels.swift; sourceTree = "<group>"; };
		353835D4F888821BAA3D8DDC /* AppointmentModels.swift */ = {isa = PBXFileReference; lastKnownFileType = sourcecode.swift; path = AppointmentModels.swift; sourceTree = "<group>"; };
		362CC32BB57A5FB0F5A21E03 /* MyReviewsView.swift */ = {isa = PBXFileReference; lastKnownFileType = sourcecode.swift; path = MyReviewsView.swift; sourceTree = "<group>"; };
		3B7BF7EFAEDFAF8793F0649A /* TokenStoreTests.swift */ = {isa = PBXFileReference; lastKnownFileType = sourcecode.swift; path = TokenStoreTests.swift; sourceTree = "<group>"; };
		428A15505279F698544F4AE6 /* APIClientCachingAndConcurrency.swift */ = {isa = PBXFileReference; lastKnownFileType = sourcecode.swift; path = APIClientCachingAndConcurrency.swift; sourceTree = "<group>"; };
		467A87303A99C72B3929568E /* ProfileCenterView.swift */ = {isa = PBXFileReference; lastKnownFileType = sourcecode.swift; path = ProfileCenterView.swift; sourceTree = "<group>"; };
		48EDF5BB4443EAB30BB2CFAC /* AppState.swift */ = {isa = PBXFileReference; lastKnownFileType = sourcecode.swift; path = AppState.swift; sourceTree = "<group>"; };
		4B59456F0E6CFEC79A2CD795 /* CouponsView.swift */ = {isa = PBXFileReference; lastKnownFileType = sourcecode.swift; path = CouponsView.swift; sourceTree = "<group>"; };
		4DFC957B138BA269A34965F9 /* HomeFeedModule.swift */ = {isa = PBXFileReference; lastKnownFileType = sourcecode.swift; path = HomeFeedModule.swift; sourceTree = "<group>"; };
		4E24857BBC2FF2869A80D414 /* AppStateAuthPolicyTests.swift */ = {isa = PBXFileReference; lastKnownFileType = sourcecode.swift; path = AppStateAuthPolicyTests.swift; sourceTree = "<group>"; };
		50F645E1D2DEB975D8534F13 /* LoginView.swift */ = {isa = PBXFileReference; lastKnownFileType = sourcecode.swift; path = LoginView.swift; sourceTree = "<group>"; };
		5A51B186C806822E226745F7 /* GiftCardsView.swift */ = {isa = PBXFileReference; lastKnownFileType = sourcecode.swift; path = GiftCardsView.swift; sourceTree = "<group>"; };
		62FEF46D46BA3679CBD5C6AD /* AppointmentsService.swift */ = {isa = PBXFileReference; lastKnownFileType = sourcecode.swift; path = AppointmentsService.swift; sourceTree = "<group>"; };
		66EC9F4902E12D2D02EB7E26 /* HomeSharedComponents.swift */ = {isa = PBXFileReference; lastKnownFileType = sourcecode.swift; path = HomeSharedComponents.swift; sourceTree = "<group>"; };
		69971322EED483F5BA88EA3E /* HomeView.swift */ = {isa = PBXFileReference; lastKnownFileType = sourcecode.swift; path = HomeView.swift; sourceTree = "<group>"; };
		6A2CEF802D07A0FA6F33CEFB /* TimeZoneResolver.swift */ = {isa = PBXFileReference; lastKnownFileType = sourcecode.swift; path = TimeZoneResolver.swift; sourceTree = "<group>"; };
		6BD1C5C353519E7F91DDA17A /* NailsDashApp.swift */ = {isa = PBXFileReference; lastKnownFileType = sourcecode.swift; path = NailsDashApp.swift; sourceTree = "<group>"; };
		758195EDF80F93E284E1910A /* SettingsModule.swift */ = {isa = PBXFileReference; lastKnownFileType = sourcecode.swift; path = SettingsModule.swift; sourceTree = "<group>"; };
		79E533FF281FAE630A88F820 /* ProfileRewardsViewModels.swift */ = {isa = PBXFileReference; lastKnownFileType = sourcecode.swift; path = ProfileRewardsViewModels.swift; sourceTree = "<group>"; };
		7CBE6600EF1F41C68120D8D6 /* StoresViewModel.swift */ = {isa = PBXFileReference; lastKnownFileType = sourcecode.swift; path = StoresViewModel.swift; sourceTree = "<group>"; };
		7F1FA00668ACF5A4F9C8936D /* StoresService.swift */ = {isa = PBXFileReference; lastKnownFileType = sourcecode.swift; path = StoresService.swift; sourceTree = "<group>"; };
		893BF41BBED1BCB5F0B2DEDD /* ProfileRewardsSharedUI.swift */ = {isa = PBXFileReference; lastKnownFileType = sourcecode.swift; path = ProfileRewardsSharedUI.swift; sourceTree = "<group>"; };
		8C94C1E37EFD8433FB49E662 /* Assets.xcassets */ = {isa = PBXFileReference; lastKnownFileType = folder.assetcatalog; path = Assets.xcassets; sourceTree = "<group>"; };
		A556BD9A6557385D87A130B9 /* BookAppointmentViewModelTests.swift */ = {isa = PBXFileReference; lastKnownFileType = sourcecode.swift; path = BookAppointmentViewModelTests.swift; sourceTree = "<group>"; };
		B06449EB7B854FB01001BB1F /* PhoneFormatterTests.swift */ = {isa = PBXFileReference; lastKnownFileType = sourcecode.swift; path = PhoneFormatterTests.swift; sourceTree = "<group>"; };
		B5E1EFB099CE969802438BC4 /* NotificationsModule.swift */ = {isa = PBXFileReference; lastKnownFileType = sourcecode.swift; path = NotificationsModule.swift; sourceTree = "<group>"; };
		C42A0DC81FEA66C97739EA76 /* UserLocationService.swift */ = {isa = PBXFileReference; lastKnownFileType = sourcecode.swift; path = UserLocationService.swift; sourceTree = "<group>"; };
		C6E63DB787DB1D2514FFF5F1 /* OrderHistoryView.swift */ = {isa = PBXFileReference; lastKnownFileType = sourcecode.swift; path = OrderHistoryView.swift; sourceTree = "<group>"; };
		C8A71C8FD57CF3D60EC95B4C /* APIClient.swift */ = {isa = PBXFileReference; lastKnownFileType = sourcecode.swift; path = APIClient.swift; sourceTree = "<group>"; };
		C9545DF0A4ABD1935546B6A2 /* BookAppointmentView.swift */ = {isa = PBXFileReference; lastKnownFileType = sourcecode.swift; path = BookAppointmentView.swift; sourceTree = "<group>"; };
		C99C5C13D6058F84542D1B66 /* NailsDashIOSTests.xctest */ = {isa = PBXFileReference; includeInIndex = 0; lastKnownFileType = wrapper.cfbundle; path = NailsDashIOSTests.xctest; sourceTree = BUILT_PRODUCTS_DIR; };
		CABA11B03E51EF58C41B4813 /* MyAppointmentsView.swift */ = {isa = PBXFileReference; lastKnownFileType = sourcecode.swift; path = MyAppointmentsView.swift; sourceTree = "<group>"; };
		D06272D5E7667C6AE9E29041 /* MyFavoritesView.swift */ = {isa = PBXFileReference; lastKnownFileType = sourcecode.swift; path = MyFavoritesView.swift; sourceTree = "<group>"; };
		DFC50FB29BFE863D2A9433C1 /* StoresListView.swift */ = {isa = PBXFileReference; lastKnownFileType = sourcecode.swift; path = StoresListView.swift; sourceTree = "<group>"; };
		E2C688D1FB2807E836989454 /* TimedAsyncRequestCache.swift */ = {isa = PBXFileReference; lastKnownFileType = sourcecode.swift; path = TimedAsyncRequestCache.swift; sourceTree = "<group>"; };
		E637FC76552DE0DB5F90C5E5 /* StoreModels.swift */ = {isa = PBXFileReference; lastKnownFileType = sourcecode.swift; path = StoreModels.swift; sourceTree = "<group>"; };
		F02EA01A0A15E72D843E28F6 /* PointsView.swift */ = {isa = PBXFileReference; lastKnownFileType = sourcecode.swift; path = PointsView.swift; sourceTree = "<group>"; };
		F062D1580A10B1A1FAF43688 /* ProfileRewardsService.swift */ = {isa = PBXFileReference; lastKnownFileType = sourcecode.swift; path = ProfileRewardsService.swift; sourceTree = "<group>"; };
		F0D75736C682585EE701A3DD /* NailsDashIOS.app */ = {isa = PBXFileReference; explicitFileType = wrapper.application; includeInIndex = 0; path = NailsDashIOS.app; sourceTree = BUILT_PRODUCTS_DIR; };
		F901EDA4578C42EBD2B96F50 /* ReferAFriendView.swift */ = {isa = PBXFileReference; lastKnownFileType = sourcecode.swift; path = ReferAFriendView.swift; sourceTree = "<group>"; };
		FC1546B955DCECB8AB5A3EFC /* ProfileRewardsHelpers.swift */ = {isa = PBXFileReference; lastKnownFileType = sourcecode.swift; path = ProfileRewardsHelpers.swift; sourceTree = "<group>"; };
/* End PBXFileReference section */

/* Begin PBXGroup section */
		1188341BE047A25F23C7EFAB /* Products */ = {
			isa = PBXGroup;
			children = (
				F0D75736C682585EE701A3DD /* NailsDashIOS.app */,
				C99C5C13D6058F84542D1B66 /* NailsDashIOSTests.xctest */,
			);
			name = Products;
			sourceTree = "<group>";
		};
		136E749B55E7AE897E5C5634 = {
			isa = PBXGroup;
			children = (
				51641077CCE7BC87070F43E8 /* NailsDashIOSTests */,
				F98214D2EB95A33F05FF7D95 /* Resources */,
				2D1399512315FF03BD756D86 /* Sources */,
				1188341BE047A25F23C7EFAB /* Products */,
			);
			sourceTree = "<group>";
		};
		2D1399512315FF03BD756D86 /* Sources */ = {
			isa = PBXGroup;
			children = (
				6484E489F1F5F9157B0C0257 /* App */,
				E5C76CD14CF5BB4109288BE0 /* Core */,
				DA5134E5F1B122EEF7DA142A /* Features */,
			);
			name = Sources;
			path = NailsDashIOS/Sources;
			sourceTree = "<group>";
		};
		31DD7BD7FE38994A94E1E54C /* Auth */ = {
			isa = PBXGroup;
			children = (
				33DAF15624B4E327D9378F81 /* AuthModels.swift */,
				1B79367B80E53991EA6A6E23 /* TokenStore.swift */,
			);
			path = Auth;
			sourceTree = "<group>";
		};
		3C8CBC1218D0207834AB5E2F /* Home */ = {
			isa = PBXGroup;
			children = (
				4DFC957B138BA269A34965F9 /* HomeFeedModule.swift */,
				66EC9F4902E12D2D02EB7E26 /* HomeSharedComponents.swift */,
				69971322EED483F5BA88EA3E /* HomeView.swift */,
				0C7D16222E06C5B3DAEDAD66 /* PinDetailModule.swift */,
			);
			path = Home;
			sourceTree = "<group>";
		};
		467D8E86409D59441A4AAEC8 /* Profile */ = {
			isa = PBXGroup;
			children = (
				4B59456F0E6CFEC79A2CD795 /* CouponsView.swift */,
				5A51B186C806822E226745F7 /* GiftCardsView.swift */,
				D06272D5E7667C6AE9E29041 /* MyFavoritesView.swift */,
				362CC32BB57A5FB0F5A21E03 /* MyReviewsView.swift */,
				B5E1EFB099CE969802438BC4 /* NotificationsModule.swift */,
				C6E63DB787DB1D2514FFF5F1 /* OrderHistoryView.swift */,
				F02EA01A0A15E72D843E28F6 /* PointsView.swift */,
				467A87303A99C72B3929568E /* ProfileCenterView.swift */,
				325D1E2C4C1E425ECEC780CD /* ProfileModule.swift */,
				FC1546B955DCECB8AB5A3EFC /* ProfileRewardsHelpers.swift */,
				0C08BB341431E255CA22222C /* ProfileRewardsModels.swift */,
				02871CCE6D746DB532FD14AF /* ProfileRewardsModule.swift */,
				F062D1580A10B1A1FAF43688 /* ProfileRewardsService.swift */,
				893BF41BBED1BCB5F0B2DEDD /* ProfileRewardsSharedUI.swift */,
				79E533FF281FAE630A88F820 /* ProfileRewardsViewModels.swift */,
				F901EDA4578C42EBD2B96F50 /* ReferAFriendView.swift */,
				23205BD26E05060006685862 /* VipMembershipView.swift */,
			);
			path = Profile;
			sourceTree = "<group>";
		};
		51641077CCE7BC87070F43E8 /* NailsDashIOSTests */ = {
			isa = PBXGroup;
			children = (
				4E24857BBC2FF2869A80D414 /* AppStateAuthPolicyTests.swift */,
				A556BD9A6557385D87A130B9 /* BookAppointmentViewModelTests.swift */,
				B06449EB7B854FB01001BB1F /* PhoneFormatterTests.swift */,
				3B7BF7EFAEDFAF8793F0649A /* TokenStoreTests.swift */,
			);
			path = NailsDashIOSTests;
			sourceTree = "<group>";
		};
		5EBE14E07F2F0E4DACF53277 /* Network */ = {
			isa = PBXGroup;
			children = (
				C8A71C8FD57CF3D60EC95B4C /* APIClient.swift */,
				428A15505279F698544F4AE6 /* APIClientCachingAndConcurrency.swift */,
				10ED46752F090AF35D958CB5 /* APIClientPayloadValidation.swift */,
				1612DB6AF66514513138169B /* APIClientPrimitives.swift */,
				E2C688D1FB2807E836989454 /* TimedAsyncRequestCache.swift */,
			);
			path = Network;
			sourceTree = "<group>";
		};
		5FD0DE029877C0E70ABC3ACC /* Auth */ = {
			isa = PBXGroup;
			children = (
				50F645E1D2DEB975D8534F13 /* LoginView.swift */,
			);
			path = Auth;
			sourceTree = "<group>";
		};
		6484E489F1F5F9157B0C0257 /* App */ = {
			isa = PBXGroup;
			children = (
				48EDF5BB4443EAB30BB2CFAC /* AppState.swift */,
				6BD1C5C353519E7F91DDA17A /* NailsDashApp.swift */,
			);
			path = App;
			sourceTree = "<group>";
		};
		C17B7452F549A4A0E9BDCE51 /* Settings */ = {
			isa = PBXGroup;
			children = (
				758195EDF80F93E284E1910A /* SettingsModule.swift */,
			);
			path = Settings;
			sourceTree = "<group>";
		};
		DA5134E5F1B122EEF7DA142A /* Features */ = {
			isa = PBXGroup;
			children = (
				F070DB808A156B50364E37F6 /* Appointments */,
				5FD0DE029877C0E70ABC3ACC /* Auth */,
				3C8CBC1218D0207834AB5E2F /* Home */,
				467D8E86409D59441A4AAEC8 /* Profile */,
				C17B7452F549A4A0E9BDCE51 /* Settings */,
				EE711A927730CC95175E4DFB /* Stores */,
			);
			path = Features;
			sourceTree = "<group>";
		};
		E5C76CD14CF5BB4109288BE0 /* Core */ = {
			isa = PBXGroup;
			children = (
				31DD7BD7FE38994A94E1E54C /* Auth */,
				5EBE14E07F2F0E4DACF53277 /* Network */,
				E977A903382A94AEB6A90EFE /* Utils */,
			);
			path = Core;
			sourceTree = "<group>";
		};
		E977A903382A94AEB6A90EFE /* Utils */ = {
			isa = PBXGroup;
			children = (
				1643BED7FC99E52520186313 /* PhoneFormatter.swift */,
				6A2CEF802D07A0FA6F33CEFB /* TimeZoneResolver.swift */,
			);
			path = Utils;
			sourceTree = "<group>";
		};
		EE711A927730CC95175E4DFB /* Stores */ = {
			isa = PBXGroup;
			children = (
				2C8A331C66095FDF04E81AF3 /* StoreDetailView.swift */,
				E637FC76552DE0DB5F90C5E5 /* StoreModels.swift */,
				DFC50FB29BFE863D2A9433C1 /* StoresListView.swift */,
				7F1FA00668ACF5A4F9C8936D /* StoresService.swift */,
				7CBE6600EF1F41C68120D8D6 /* StoresViewModel.swift */,
				C42A0DC81FEA66C97739EA76 /* UserLocationService.swift */,
			);
			path = Stores;
			sourceTree = "<group>";
		};
		F070DB808A156B50364E37F6 /* Appointments */ = {
			isa = PBXGroup;
			children = (
				353835D4F888821BAA3D8DDC /* AppointmentModels.swift */,
				62FEF46D46BA3679CBD5C6AD /* AppointmentsService.swift */,
				C9545DF0A4ABD1935546B6A2 /* BookAppointmentView.swift */,
				2A93FE0C0C05C49238A947AF /* BookAppointmentViewModel.swift */,
				CABA11B03E51EF58C41B4813 /* MyAppointmentsView.swift */,
			);
			path = Appointments;
			sourceTree = "<group>";
		};
		F98214D2EB95A33F05FF7D95 /* Resources */ = {
			isa = PBXGroup;
			children = (
				8C94C1E37EFD8433FB49E662 /* Assets.xcassets */,
				0761888B7B591F6DD1A5B18B /* Info.plist */,
			);
			name = Resources;
			path = NailsDashIOS/Resources;
			sourceTree = "<group>";
		};
/* End PBXGroup section */

/* Begin PBXNativeTarget section */
		85A0E59EDA17344D9EF3E861 /* NailsDashIOS */ = {
			isa = PBXNativeTarget;
			buildConfigurationList = 1D92582003DF1815870FC080 /* Build configuration list for PBXNativeTarget "NailsDashIOS" */;
			buildPhases = (
				F36CD4E0C24683316AC2B715 /* Sources */,
				98B6AEAC6BF941C834115C85 /* Resources */,
			);
			buildRules = (
			);
			dependencies = (
			);
			name = NailsDashIOS;
			packageProductDependencies = (
			);
			productName = NailsDashIOS;
			productReference = F0D75736C682585EE701A3DD /* NailsDashIOS.app */;
			productType = "com.apple.product-type.application";
		};
		D8A3A5DAD63CBB07845CAA8B /* NailsDashIOSTests */ = {
			isa = PBXNativeTarget;
			buildConfigurationList = 06562F214DA39F7B263EF93C /* Build configuration list for PBXNativeTarget "NailsDashIOSTests" */;
			buildPhases = (
				156E105E787F2915CE7554B8 /* Sources */,
			);
			buildRules = (
			);
			dependencies = (
				38EA9BFAE638F3B61769993E /* PBXTargetDependency */,
			);
			name = NailsDashIOSTests;
			packageProductDependencies = (
			);
			productName = NailsDashIOSTests;
			productReference = C99C5C13D6058F84542D1B66 /* NailsDashIOSTests.xctest */;
			productType = "com.apple.product-type.bundle.unit-test";
		};
/* End PBXNativeTarget section */

/* Begin PBXProject section */
		F282D465A2893F2198723461 /* Project object */ = {
			isa = PBXProject;
			attributes = {
				BuildIndependentTargetsInParallel = YES;
				LastUpgradeCheck = 1430;
				TargetAttributes = {
					85A0E59EDA17344D9EF3E861 = {
						ProvisioningStyle = Automatic;
					};
					D8A3A5DAD63CBB07845CAA8B = {
						DevelopmentTeam = "";
						ProvisioningStyle = Automatic;
					};
				};
			};
			buildConfigurationList = 075C14D08D59A3A2B04E8CB6 /* Build configuration list for PBXProject "NailsDashIOS" */;
			compatibilityVersion = "Xcode 14.0";
			developmentRegion = en;
			hasScannedForEncodings = 0;
			knownRegions = (
				Base,
				en,
			);
			mainGroup = 136E749B55E7AE897E5C5634;
			minimizedProjectReferenceProxies = 1;
			projectDirPath = "";
			projectRoot = "";
			targets = (
				85A0E59EDA17344D9EF3E861 /* NailsDashIOS */,
				D8A3A5DAD63CBB07845CAA8B /* NailsDashIOSTests */,
			);
		};
/* End PBXProject section */

/* Begin PBXResourcesBuildPhase section */
		98B6AEAC6BF941C834115C85 /* Resources */ = {
			isa = PBXResourcesBuildPhase;
			buildActionMask = 2147483647;
			files = (
				7C20B15F21095E4CA230908B /* Assets.xcassets in Resources */,
			);
			runOnlyForDeploymentPostprocessing = 0;
		};
/* End PBXResourcesBuildPhase section */

/* Begin PBXSourcesBuildPhase section */
		156E105E787F2915CE7554B8 /* Sources */ = {
			isa = PBXSourcesBuildPhase;
			buildActionMask = 2147483647;
			files = (
				8B5A496AD82AE19067712B09 /* AppStateAuthPolicyTests.swift in Sources */,
				EEF755A3AAE8A1F261111A3F /* BookAppointmentViewModelTests.swift in Sources */,
				3FF2554B605A2CF32DC3AC8D /* PhoneFormatterTests.swift in Sources */,
				0C7971CFA3CC3CAD8E8D2B9D /* TokenStoreTests.swift in Sources */,
			);
			runOnlyForDeploymentPostprocessing = 0;
		};
		F36CD4E0C24683316AC2B715 /* Sources */ = {
			isa = PBXSourcesBuildPhase;
			buildActionMask = 2147483647;
			files = (
				6E58B3D8F8633DED3017500E /* APIClient.swift in Sources */,
				154A3232C3DB41EA9F90D834 /* APIClientCachingAndConcurrency.swift in Sources */,
				18908AAC022CFE91F8CD4424 /* APIClientPayloadValidation.swift in Sources */,
				A4F5843364698344239B7C12 /* APIClientPrimitives.swift in Sources */,
				6460B7113D3C2D3F9D47F247 /* AppState.swift in Sources */,
				C26E9BB373441BF4C009CDF2 /* AppointmentModels.swift in Sources */,
				09769325FBB26B532C0ED1C1 /* AppointmentsService.swift in Sources */,
				8D4DB742DF359AE373C1958D /* AuthModels.swift in Sources */,
				516B855BD37582763D9CA0D1 /* BookAppointmentView.swift in Sources */,
				36ABAF8E177D9B071F3BC4D7 /* BookAppointmentViewModel.swift in Sources */,
				6F3C41DBEB756A9B9777C1A4 /* CouponsView.swift in Sources */,
				7B96E46122BD486394750AAF /* GiftCardsView.swift in Sources */,
				A7F4CC0B1ADBC29458C1FA31 /* HomeFeedModule.swift in Sources */,
				A0B187C2A0DD87A4C2CD2AED /* HomeSharedComponents.swift in Sources */,
				E938B4A98D458A5C00ED4F65 /* HomeView.swift in Sources */,
				8B76ADAB759AEE7C687A83A9 /* LoginView.swift in Sources */,
				E97894949AFB6E70D0E37A14 /* MyAppointmentsView.swift in Sources */,
				9F237DE7AD200FEDC951FAD3 /* MyFavoritesView.swift in Sources */,
				E56085B63C2574D32EBC3E2D /* MyReviewsView.swift in Sources */,
				29359FB573E617D7E0498D11 /* NailsDashApp.swift in Sources */,
				BC411DAC5A148C49DB25CD25 /* NotificationsModule.swift in Sources */,
				32AEDE169B2CEEB8690C5A89 /* OrderHistoryView.swift in Sources */,
				598A5611A236ECA5B26CF27A /* PhoneFormatter.swift in Sources */,
				E4D000D6A5160F566AAA0AE6 /* PinDetailModule.swift in Sources */,
				597C4EFBCDD7FC922B477CB2 /* PointsView.swift in Sources */,
				025A6767BB3AABD36467EF66 /* ProfileCenterView.swift in Sources */,
				4458CA65A95D2517D40BF00E /* ProfileModule.swift in Sources */,
				CEE7A03052E0600D4B55B11F /* ProfileRewardsHelpers.swift in Sources */,
				28144A555460AF88D267DFD7 /* ProfileRewardsModels.swift in Sources */,
				518EE2A3E72A43BD5D3458D3 /* ProfileRewardsModule.swift in Sources */,
				9A100CEC54DFB8F543588976 /* ProfileRewardsService.swift in Sources */,
				916FAC331C34A42E4CC404A6 /* ProfileRewardsSharedUI.swift in Sources */,
				B5D6020DB834D9578EB567B0 /* ProfileRewardsViewModels.swift in Sources */,
				C1724C2DD23B9A29F2300FE3 /* ReferAFriendView.swift in Sources */,
				58AF2E01E6FC4C205057A0D0 /* SettingsModule.swift in Sources */,
				8D3DDACAEE0DCEB24ADCC7C5 /* StoreDetailView.swift in Sources */,
				6933756772F078B938769065 /* StoreModels.swift in Sources */,
				87185F16A1D7A5B0274718C7 /* StoresListView.swift in Sources */,
				915A910E62EFC74ED5F9CC07 /* StoresService.swift in Sources */,
				C84C1AFADA6A0BDF13EFA1DF /* StoresViewModel.swift in Sources */,
				341D2192ABBEBA7ECF2FCD4C /* TimeZoneResolver.swift in Sources */,
				56BB20F7B3098211AC0D4349 /* TimedAsyncRequestCache.swift in Sources */,
				9940EC4C0B5582DD6EA8B730 /* TokenStore.swift in Sources */,
				5F1EE204041A11E05FC3E129 /* UserLocationService.swift in Sources */,
				9CF1EA6084759CFE4D73D007 /* VipMembershipView.swift in Sources */,
			);
			runOnlyForDeploymentPostprocessing = 0;
		};
/* End PBXSourcesBuildPhase section */

/* Begin PBXTargetDependency section */
		38EA9BFAE638F3B61769993E /* PBXTargetDependency */ = {
			isa = PBXTargetDependency;
			target = 85A0E59EDA17344D9EF3E861 /* NailsDashIOS */;
			targetProxy = DF59883A3CE6A1B0C43BF3E5 /* PBXContainerItemProxy */;
		};
/* End PBXTargetDependency section */

/* Begin XCBuildConfiguration section */
		17D1FAE506662D2FE6C311F9 /* Debug */ = {
			isa = XCBuildConfiguration;
			buildSettings = {
				ALWAYS_SEARCH_USER_PATHS = NO;
				CLANG_ANALYZER_NONNULL = YES;
				CLANG_ANALYZER_NUMBER_OBJECT_CONVERSION = YES_AGGRESSIVE;
				CLANG_CXX_LANGUAGE_STANDARD = "gnu++14";
				CLANG_CXX_LIBRARY = "libc++";
				CLANG_ENABLE_MODULES = YES;
				CLANG_ENABLE_OBJC_ARC = YES;
				CLANG_ENABLE_OBJC_WEAK = YES;
				CLANG_WARN_BLOCK_CAPTURE_AUTORELEASING = YES;
				CLANG_WARN_BOOL_CONVERSION = YES;
				CLANG_WARN_COMMA = YES;
				CLANG_WARN_CONSTANT_CONVERSION = YES;
				CLANG_WARN_DEPRECATED_OBJC_IMPLEMENTATIONS = YES;
				CLANG_WARN_DIRECT_OBJC_ISA_USAGE = YES_ERROR;
				CLANG_WARN_DOCUMENTATION_COMMENTS = YES;
				CLANG_WARN_EMPTY_BODY = YES;
				CLANG_WARN_ENUM_CONVERSION = YES;
				CLANG_WARN_INFINITE_RECURSION = YES;
				CLANG_WARN_INT_CONVERSION = YES;
				CLANG_WARN_NON_LITERAL_NULL_CONVERSION = YES;
				CLANG_WARN_OBJC_IMPLICIT_RETAIN_SELF = YES;
				CLANG_WARN_OBJC_LITERAL_CONVERSION = YES;
				CLANG_WARN_OBJC_ROOT_CLASS = YES_ERROR;
				CLANG_WARN_QUOTED_INCLUDE_IN_FRAMEWORK_HEADER = YES;
				CLANG_WARN_RANGE_LOOP_ANALYSIS = YES;
				CLANG_WARN_STRICT_PROTOTYPES = YES;
				CLANG_WARN_SUSPICIOUS_MOVE = YES;
				CLANG_WARN_UNGUARDED_AVAILABILITY = YES_AGGRESSIVE;
				CLANG_WARN_UNREACHABLE_CODE = YES;
				CLANG_WARN__DUPLICATE_METHOD_MATCH = YES;
				CODE_SIGN_STYLE = Automatic;
				COPY_PHASE_STRIP = NO;
				CURRENT_PROJECT_VERSION = 1;
				DEBUG_INFORMATION_FORMAT = dwarf;
				DEVELOPMENT_TEAM = "";
				ENABLE_STRICT_OBJC_MSGSEND = YES;
				ENABLE_TESTABILITY = YES;
				GCC_C_LANGUAGE_STANDARD = gnu11;
				GCC_DYNAMIC_NO_PIC = NO;
				GCC_NO_COMMON_BLOCKS = YES;
				GCC_OPTIMIZATION_LEVEL = 0;
				GCC_PREPROCESSOR_DEFINITIONS = (
					"$(inherited)",
					"DEBUG=1",
				);
				GCC_WARN_64_TO_32_BIT_CONVERSION = YES;
				GCC_WARN_ABOUT_RETURN_TYPE = YES_ERROR;
				GCC_WARN_UNDECLARED_SELECTOR = YES;
				GCC_WARN_UNINITIALIZED_AUTOS = YES_AGGRESSIVE;
				GCC_WARN_UNUSED_FUNCTION = YES;
				GCC_WARN_UNUSED_VARIABLE = YES;
				IPHONEOS_DEPLOYMENT_TARGET = 16.0;
				MARKETING_VERSION = 1.0.0;
				MTL_ENABLE_DEBUG_INFO = INCLUDE_SOURCE;
				MTL_FAST_MATH = YES;
				ONLY_ACTIVE_ARCH = YES;
				PRODUCT_BUNDLE_IDENTIFIER = com.figmafrontend.nailsdash.ios;
				PRODUCT_NAME = "$(TARGET_NAME)";
				SDKROOT = iphoneos;
				SWIFT_ACTIVE_COMPILATION_CONDITIONS = DEBUG;
				SWIFT_OPTIMIZATION_LEVEL = "-Onone";
				SWIFT_VERSION = 5.0;
			};
			name = Debug;
		};
		1AC4299D319BAA2484302254 /* Release */ = {
			isa = XCBuildConfiguration;
			buildSettings = {
				ASSETCATALOG_COMPILER_APPICON_NAME = AppIcon;
				ASSETCATALOG_COMPILER_GLOBAL_ACCENT_COLOR_NAME = AccentColor;
				CODE_SIGN_IDENTITY = "iPhone Developer";
				DEVELOPMENT_TEAM = Q5W8B7ZG46;
				INFOPLIST_FILE = NailsDashIOS/Resources/Info.plist;
				LD_RUNPATH_SEARCH_PATHS = (
					"$(inherited)",
					"@executable_path/Frameworks",
				);
				NAILSDASH_API_BASE_URL = "https://api.nailsdash.app/api/v1";
				SDKROOT = iphoneos;
				TARGETED_DEVICE_FAMILY = "1,2";
			};
			name = Release;
		};
		4F6554077D0859DAC0532057 /* Debug */ = {
			isa = XCBuildConfiguration;
			buildSettings = {
				BUNDLE_LOADER = "$(TEST_HOST)";
				GENERATE_INFOPLIST_FILE = YES;
				LD_RUNPATH_SEARCH_PATHS = (
					"$(inherited)",
					"@executable_path/Frameworks",
					"@loader_path/Frameworks",
				);
				SDKROOT = iphoneos;
				TARGETED_DEVICE_FAMILY = "1,2";
				TEST_HOST = "$(BUILT_PRODUCTS_DIR)/NailsDashIOS.app/NailsDashIOS";
			};
			name = Debug;
		};
		8998CEA8693860CC7CD59D12 /* Debug */ = {
			isa = XCBuildConfiguration;
			buildSettings = {
				ASSETCATALOG_COMPILER_APPICON_NAME = AppIcon;
				ASSETCATALOG_COMPILER_GLOBAL_ACCENT_COLOR_NAME = AccentColor;
				CODE_SIGN_IDENTITY = "iPhone Developer";
				DEVELOPMENT_TEAM = Q5W8B7ZG46;
				INFOPLIST_FILE = NailsDashIOS/Resources/Info.plist;
				LD_RUNPATH_SEARCH_PATHS = (
					"$(inherited)",
					"@executable_path/Frameworks",
				);
				NAILSDASH_API_BASE_URL = "http://192.168.1.225:8000/api/v1";
				SDKROOT = iphoneos;
				TARGETED_DEVICE_FAMILY = "1,2";
			};
			name = Debug;
		};
		8ADA54531BCED75FF23D00A3 /* Release */ = {
			isa = XCBuildConfiguration;
			buildSettings = {
				ALWAYS_SEARCH_USER_PATHS = NO;
				CLANG_ANALYZER_NONNULL = YES;
				CLANG_ANALYZER_NUMBER_OBJECT_CONVERSION = YES_AGGRESSIVE;
				CLANG_CXX_LANGUAGE_STANDARD = "gnu++14";
				CLANG_CXX_LIBRARY = "libc++";
				CLANG_ENABLE_MODULES = YES;
				CLANG_ENABLE_OBJC_ARC = YES;
				CLANG_ENABLE_OBJC_WEAK = YES;
				CLANG_WARN_BLOCK_CAPTURE_AUTORELEASING = YES;
				CLANG_WARN_BOOL_CONVERSION = YES;
				CLANG_WARN_COMMA = YES;
				CLANG_WARN_CONSTANT_CONVERSION = YES;
				CLANG_WARN_DEPRECATED_OBJC_IMPLEMENTATIONS = YES;
				CLANG_WARN_DIRECT_OBJC_ISA_USAGE = YES_ERROR;
				CLANG_WARN_DOCUMENTATION_COMMENTS = YES;
				CLANG_WARN_EMPTY_BODY = YES;
				CLANG_WARN_ENUM_CONVERSION = YES;
				CLANG_WARN_INFINITE_RECURSION = YES;
				CLANG_WARN_INT_CONVERSION = YES;
				CLANG_WARN_NON_LITERAL_NULL_CONVERSION = YES;
				CLANG_WARN_OBJC_IMPLICIT_RETAIN_SELF = YES;
				CLANG_WARN_OBJC_LITERAL_CONVERSION = YES;
				CLANG_WARN_OBJC_ROOT_CLASS = YES_ERROR;
				CLANG_WARN_QUOTED_INCLUDE_IN_FRAMEWORK_HEADER = YES;
				CLANG_WARN_RANGE_LOOP_ANALYSIS = YES;
				CLANG_WARN_STRICT_PROTOTYPES = YES;
				CLANG_WARN_SUSPICIOUS_MOVE = YES;
				CLANG_WARN_UNGUARDED_AVAILABILITY = YES_AGGRESSIVE;
				CLANG_WARN_UNREACHABLE_CODE = YES;
				CLANG_WARN__DUPLICATE_METHOD_MATCH = YES;
				CODE_SIGN_STYLE = Automatic;
				COPY_PHASE_STRIP = NO;
				CURRENT_PROJECT_VERSION = 1;
				DEBUG_INFORMATION_FORMAT = "dwarf-with-dsym";
				DEVELOPMENT_TEAM = "";
				ENABLE_NS_ASSERTIONS = NO;
				ENABLE_STRICT_OBJC_MSGSEND = YES;
				GCC_C_LANGUAGE_STANDARD = gnu11;
				GCC_NO_COMMON_BLOCKS = YES;
				GCC_WARN_64_TO_32_BIT_CONVERSION = YES;
				GCC_WARN_ABOUT_RETURN_TYPE = YES_ERROR;
				GCC_WARN_UNDECLARED_SELECTOR = YES;
				GCC_WARN_UNINITIALIZED_AUTOS = YES_AGGRESSIVE;
				GCC_WARN_UNUSED_FUNCTION = YES;
				GCC_WARN_UNUSED_VARIABLE = YES;
				IPHONEOS_DEPLOYMENT_TARGET = 16.0;
				MARKETING_VERSION = 1.0.0;
				MTL_ENABLE_DEBUG_INFO = NO;
				MTL_FAST_MATH = YES;
				PRODUCT_BUNDLE_IDENTIFIER = com.figmafrontend.nailsdash.ios;
				PRODUCT_NAME = "$(TARGET_NAME)";
				SDKROOT = iphoneos;
				SWIFT_COMPILATION_MODE = wholemodule;
				SWIFT_OPTIMIZATION_LEVEL = "-O";
				SWIFT_VERSION = 5.0;
			};
			name = Release;
		};
		9453E7D9563D904C2B77ECA7 /* Release */ = {
			isa = XCBuildConfiguration;
			buildSettings = {
				BUNDLE_LOADER = "$(TEST_HOST)";
				GENERATE_INFOPLIST_FILE = YES;
				LD_RUNPATH_SEARCH_PATHS = (
					"$(inherited)",
					"@executable_path/Frameworks",
					"@loader_path/Frameworks",
				);
				SDKROOT = iphoneos;
				TARGETED_DEVICE_FAMILY = "1,2";
				TEST_HOST = "$(BUILT_PRODUCTS_DIR)/NailsDashIOS.app/NailsDashIOS";
			};
			name = Release;
		};
/* End XCBuildConfiguration section */

/* Begin XCConfigurationList section */
		06562F214DA39F7B263EF93C /* Build configuration list for PBXNativeTarget "NailsDashIOSTests" */ = {
			isa = XCConfigurationList;
			buildConfigurations = (
				4F6554077D0859DAC0532057 /* Debug */,
				9453E7D9563D904C2B77ECA7 /* Release */,
			);
			defaultConfigurationIsVisible = 0;
			defaultConfigurationName = Debug;
		};
		075C14D08D59A3A2B04E8CB6 /* Build configuration list for PBXProject "NailsDashIOS" */ = {
			isa = XCConfigurationList;
			buildConfigurations = (
				17D1FAE506662D2FE6C311F9 /* Debug */,
				8ADA54531BCED75FF23D00A3 /* Release */,
			);
			defaultConfigurationIsVisible = 0;
			defaultConfigurationName = Debug;
		};
		1D92582003DF1815870FC080 /* Build configuration list for PBXNativeTarget "NailsDashIOS" */ = {
			isa = XCConfigurationList;
			buildConfigurations = (
				8998CEA8693860CC7CD59D12 /* Debug */,
				1AC4299D319BAA2484302254 /* Release */,
			);
			defaultConfigurationIsVisible = 0;
			defaultConfigurationName = Debug;
		};
/* End XCConfigurationList section */
	};
	rootObject = F282D465A2893F2198723461 /* Project object */;
}
